// !$*UTF8*$!
{
	archiveVersion = 1;
	classes = {
	};
	objectVersion = 50;
	objects = {

/* Begin PBXBuildFile section */
		296EC5EC21F834C60070347D /* PTDCustomNavigationView.xib in Resources */ = {isa = PBXBuildFile; fileRef = 296EC5EA21F834C60070347D /* PTDCustomNavigationView.xib */; };
		296EC5ED21F834C60070347D /* PTDCustomNavigationView.swift in Sources */ = {isa = PBXBuildFile; fileRef = 296EC5EB21F834C60070347D /* PTDCustomNavigationView.swift */; };
		2990CC2F21F55A1A0037A7B1 /* AppDelegate.swift in Sources */ = {isa = PBXBuildFile; fileRef = 2990CC2E21F55A1A0037A7B1 /* AppDelegate.swift */; };
		2990CC3121F55A1A0037A7B1 /* ViewController.swift in Sources */ = {isa = PBXBuildFile; fileRef = 2990CC3021F55A1A0037A7B1 /* ViewController.swift */; };
		2990CC3421F55A1A0037A7B1 /* Main.storyboard in Resources */ = {isa = PBXBuildFile; fileRef = 2990CC3221F55A1A0037A7B1 /* Main.storyboard */; };
		2990CC3621F55A1E0037A7B1 /* Assets.xcassets in Resources */ = {isa = PBXBuildFile; fileRef = 2990CC3521F55A1E0037A7B1 /* Assets.xcassets */; };
		2990CC3921F55A1E0037A7B1 /* LaunchScreen.storyboard in Resources */ = {isa = PBXBuildFile; fileRef = 2990CC3721F55A1E0037A7B1 /* LaunchScreen.storyboard */; };
		2990CC5121F55C820037A7B1 /* ModalViewController.swift in Sources */ = {isa = PBXBuildFile; fileRef = 2990CC5021F55C820037A7B1 /* ModalViewController.swift */; };
		2990CC5321F55CB20037A7B1 /* Modal.storyboard in Resources */ = {isa = PBXBuildFile; fileRef = 2990CC5221F55CB20037A7B1 /* Modal.storyboard */; };
		2990CC5521F568B70037A7B1 /* PTDConfig.swift in Sources */ = {isa = PBXBuildFile; fileRef = 2990CC5421F568B70037A7B1 /* PTDConfig.swift */; };
		2990CCB921F5D7C70037A7B1 /* PTDDelegateProxy.m in Sources */ = {isa = PBXBuildFile; fileRef = 2990CCB021F5D7C60037A7B1 /* PTDDelegateProxy.m */; };
		2990CCBA21F5D7C70037A7B1 /* PTDScrollViewDelegateProxy.swift in Sources */ = {isa = PBXBuildFile; fileRef = 2990CCB121F5D7C70037A7B1 /* PTDScrollViewDelegateProxy.swift */; };
		2990CCBB21F5D7C70037A7B1 /* PTDPullToDismiss.swift in Sources */ = {isa = PBXBuildFile; fileRef = 2990CCB221F5D7C70037A7B1 /* PTDPullToDismiss.swift */; };
/* End PBXBuildFile section */

/* Begin PBXFileReference section */
		296EC5EA21F834C60070347D /* PTDCustomNavigationView.xib */ = {isa = PBXFileReference; fileEncoding = 4; lastKnownFileType = file.xib; path = PTDCustomNavigationView.xib; sourceTree = "<group>"; };
		296EC5EB21F834C60070347D /* PTDCustomNavigationView.swift */ = {isa = PBXFileReference; fileEncoding = 4; lastKnownFileType = sourcecode.swift; path = PTDCustomNavigationView.swift; sourceTree = "<group>"; };
		2990CC2B21F55A1A0037A7B1 /* pullToClose.app */ = {isa = PBXFileReference; explicitFileType = wrapper.application; includeInIndex = 0; path = pullToClose.app; sourceTree = BUILT_PRODUCTS_DIR; };
		2990CC2E21F55A1A0037A7B1 /* AppDelegate.swift */ = {isa = PBXFileReference; lastKnownFileType = sourcecode.swift; path = AppDelegate.swift; sourceTree = "<group>"; };
		2990CC3021F55A1A0037A7B1 /* ViewController.swift */ = {isa = PBXFileReference; lastKnownFileType = sourcecode.swift; path = ViewController.swift; sourceTree = "<group>"; };
		2990CC3321F55A1A0037A7B1 /* Base */ = {isa = PBXFileReference; lastKnownFileType = file.storyboard; name = Base; path = Base.lproj/Main.storyboard; sourceTree = "<group>"; };
		2990CC3521F55A1E0037A7B1 /* Assets.xcassets */ = {isa = PBXFileReference; lastKnownFileType = folder.assetcatalog; path = Assets.xcassets; sourceTree = "<group>"; };
		2990CC3821F55A1E0037A7B1 /* Base */ = {isa = PBXFileReference; lastKnownFileType = file.storyboard; name = Base; path = Base.lproj/LaunchScreen.storyboard; sourceTree = "<group>"; };
		2990CC3A21F55A1E0037A7B1 /* Info.plist */ = {isa = PBXFileReference; lastKnownFileType = text.plist.xml; path = Info.plist; sourceTree = "<group>"; };
		2990CC5021F55C820037A7B1 /* ModalViewController.swift */ = {isa = PBXFileReference; lastKnownFileType = sourcecode.swift; path = ModalViewController.swift; sourceTree = "<group>"; };
		2990CC5221F55CB20037A7B1 /* Modal.storyboard */ = {isa = PBXFileReference; lastKnownFileType = file.storyboard; path = Modal.storyboard; sourceTree = "<group>"; };
		2990CC5421F568B70037A7B1 /* PTDConfig.swift */ = {isa = PBXFileReference; lastKnownFileType = sourcecode.swift; path = PTDConfig.swift; sourceTree = "<group>"; };
		2990CCAF21F5D7670037A7B1 /* pullToClose-Bridging-Header.h */ = {isa = PBXFileReference; lastKnownFileType = sourcecode.c.h; path = "pullToClose-Bridging-Header.h"; sourceTree = "<group>"; };
		2990CCB021F5D7C60037A7B1 /* PTDDelegateProxy.m */ = {isa = PBXFileReference; fileEncoding = 4; lastKnownFileType = sourcecode.c.objc; path = PTDDelegateProxy.m; sourceTree = "<group>"; };
		2990CCB121F5D7C70037A7B1 /* PTDScrollViewDelegateProxy.swift */ = {isa = PBXFileReference; fileEncoding = 4; lastKnownFileType = sourcecode.swift; path = PTDScrollViewDelegateProxy.swift; sourceTree = "<group>"; };
		2990CCB221F5D7C70037A7B1 /* PTDPullToDismiss.swift */ = {isa = PBXFileReference; fileEncoding = 4; lastKnownFileType = sourcecode.swift; path = PTDPullToDismiss.swift; sourceTree = "<group>"; };
		2990CCB321F5D7C70037A7B1 /* PTDDelegateProxy.h */ = {isa = PBXFileReference; fileEncoding = 4; lastKnownFileType = sourcecode.c.h; path = PTDDelegateProxy.h; sourceTree = "<group>"; };
/* End PBXFileReference section */

/* Begin PBXFrameworksBuildPhase section */
		2990CC2821F55A1A0037A7B1 /* Frameworks */ = {
			isa = PBXFrameworksBuildPhase;
			buildActionMask = 2147483647;
			files = (
			);
			runOnlyForDeploymentPostprocessing = 0;
		};
/* End PBXFrameworksBuildPhase section */

/* Begin PBXGroup section */
		2990CC2221F55A1A0037A7B1 = {
			isa = PBXGroup;
			children = (
				2990CC2D21F55A1A0037A7B1 /* pullToClose */,
				2990CC2C21F55A1A0037A7B1 /* Products */,
			);
			sourceTree = "<group>";
		};
		2990CC2C21F55A1A0037A7B1 /* Products */ = {
			isa = PBXGroup;
			children = (
				2990CC2B21F55A1A0037A7B1 /* pullToClose.app */,
			);
			name = Products;
			sourceTree = "<group>";
		};
		2990CC2D21F55A1A0037A7B1 /* pullToClose */ = {
			isa = PBXGroup;
			children = (
				2990CC2E21F55A1A0037A7B1 /* AppDelegate.swift */,
				2990CC3021F55A1A0037A7B1 /* ViewController.swift */,
				2990CC3221F55A1A0037A7B1 /* Main.storyboard */,
				2990CC5021F55C820037A7B1 /* ModalViewController.swift */,
				2990CC5221F55CB20037A7B1 /* Modal.storyboard */,
				2990CC3521F55A1E0037A7B1 /* Assets.xcassets */,
				2990CC3721F55A1E0037A7B1 /* LaunchScreen.storyboard */,
				2990CC3A21F55A1E0037A7B1 /* Info.plist */,
				2990CCAF21F5D7670037A7B1 /* pullToClose-Bridging-Header.h */,
				2990CC8A21F5D17E0037A7B1 /* Library */,
			);
			path = pullToClose;
			sourceTree = "<group>";
		};
		2990CC8A21F5D17E0037A7B1 /* Library */ = {
			isa = PBXGroup;
			children = (
				296EC5EB21F834C60070347D /* PTDCustomNavigationView.swift */,
				296EC5EA21F834C60070347D /* PTDCustomNavigationView.xib */,
				2990CC5421F568B70037A7B1 /* PTDConfig.swift */,
				2990CCB321F5D7C70037A7B1 /* PTDDelegateProxy.h */,
				2990CCB021F5D7C60037A7B1 /* PTDDelegateProxy.m */,
				2990CCB221F5D7C70037A7B1 /* PTDPullToDismiss.swift */,
				2990CCB121F5D7C70037A7B1 /* PTDScrollViewDelegateProxy.swift */,
			);
			path = Library;
			sourceTree = "<group>";
		};
/* End PBXGroup section */

/* Begin PBXNativeTarget section */
		2990CC2A21F55A1A0037A7B1 /* pullToClose */ = {
			isa = PBXNativeTarget;
			buildConfigurationList = 2990CC4821F55A1F0037A7B1 /* Build configuration list for PBXNativeTarget "pullToClose" */;
			buildPhases = (
				2990CC2721F55A1A0037A7B1 /* Sources */,
				2990CC2821F55A1A0037A7B1 /* Frameworks */,
				2990CC2921F55A1A0037A7B1 /* Resources */,
			);
			buildRules = (
			);
			dependencies = (
			);
			name = pullToClose;
			productName = pullToClose;
			productReference = 2990CC2B21F55A1A0037A7B1 /* pullToClose.app */;
			productType = "com.apple.product-type.application";
		};
/* End PBXNativeTarget section */

/* Begin PBXProject section */
		2990CC2321F55A1A0037A7B1 /* Project object */ = {
			isa = PBXProject;
			attributes = {
				LastSwiftUpdateCheck = 1010;
				LastUpgradeCheck = 1010;
				ORGANIZATIONNAME = "hir-suzuki";
				TargetAttributes = {
					2990CC2A21F55A1A0037A7B1 = {
						CreatedOnToolsVersion = 10.1;
						LastSwiftMigration = 1010;
					};
				};
			};
			buildConfigurationList = 2990CC2621F55A1A0037A7B1 /* Build configuration list for PBXProject "pullToClose" */;
			compatibilityVersion = "Xcode 9.3";
			developmentRegion = en;
			hasScannedForEncodings = 0;
			knownRegions = (
				en,
				Base,
			);
			mainGroup = 2990CC2221F55A1A0037A7B1;
			productRefGroup = 2990CC2C21F55A1A0037A7B1 /* Products */;
			projectDirPath = "";
			projectRoot = "";
			targets = (
				2990CC2A21F55A1A0037A7B1 /* pullToClose */,
			);
		};
/* End PBXProject section */

/* Begin PBXResourcesBuildPhase section */
		2990CC2921F55A1A0037A7B1 /* Resources */ = {
			isa = PBXResourcesBuildPhase;
			buildActionMask = 2147483647;
			files = (
				2990CC3921F55A1E0037A7B1 /* LaunchScreen.storyboard in Resources */,
				296EC5EC21F834C60070347D /* PTDCustomNavigationView.xib in Resources */,
				2990CC3621F55A1E0037A7B1 /* Assets.xcassets in Resources */,
				2990CC3421F55A1A0037A7B1 /* Main.storyboard in Resources */,
				2990CC5321F55CB20037A7B1 /* Modal.storyboard in Resources */,
			);
			runOnlyForDeploymentPostprocessing = 0;
		};
/* End PBXResourcesBuildPhase section */

/* Begin PBXSourcesBuildPhase section */
		2990CC2721F55A1A0037A7B1 /* Sources */ = {
			isa = PBXSourcesBuildPhase;
			buildActionMask = 2147483647;
			files = (
				2990CC3121F55A1A0037A7B1 /* ViewController.swift in Sources */,
				2990CC5521F568B70037A7B1 /* PTDConfig.swift in Sources */,
				2990CC2F21F55A1A0037A7B1 /* AppDelegate.swift in Sources */,
				2990CC5121F55C820037A7B1 /* ModalViewController.swift in Sources */,
				2990CCB921F5D7C70037A7B1 /* PTDDelegateProxy.m in Sources */,
				2990CCBB21F5D7C70037A7B1 /* PTDPullToDismiss.swift in Sources */,
				296EC5ED21F834C60070347D /* PTDCustomNavigationView.swift in Sources */,
				2990CCBA21F5D7C70037A7B1 /* PTDScrollViewDelegateProxy.swift in Sources */,
			);
			runOnlyForDeploymentPostprocessing = 0;
		};
/* End PBXSourcesBuildPhase section */

/* Begin PBXVariantGroup section */
		2990CC3221F55A1A0037A7B1 /* Main.storyboard */ = {
			isa = PBXVariantGroup;
			children = (
				2990CC3321F55A1A0037A7B1 /* Base */,
			);
			name = Main.storyboard;
			sourceTree = "<group>";
		};
		2990CC3721F55A1E0037A7B1 /* LaunchScreen.storyboard */ = {
			isa = PBXVariantGroup;
			children = (
				2990CC3821F55A1E0037A7B1 /* Base */,
			);
			name = LaunchScreen.storyboard;
			sourceTree = "<group>";
		};
/* End PBXVariantGroup section */

/* Begin XCBuildConfiguration section */
		2990CC4621F55A1F0037A7B1 /* Debug */ = {
			isa = XCBuildConfiguration;
			buildSettings = {
				ALWAYS_SEARCH_USER_PATHS = NO;
				CLANG_ANALYZER_NONNULL = YES;
				CLANG_ANALYZER_NUMBER_OBJECT_CONVERSION = YES_AGGRESSIVE;
				CLANG_CXX_LANGUAGE_STANDARD = "gnu++14";
				CLANG_CXX_LIBRARY = "libc++";
				CLANG_ENABLE_MODULES = YES;
				CLANG_ENABLE_OBJC_ARC = YES;
				CLANG_ENABLE_OBJC_WEAK = YES;
				CLANG_WARN_BLOCK_CAPTURE_AUTORELEASING = YES;
				CLANG_WARN_BOOL_CONVERSION = YES;
				CLANG_WARN_COMMA = YES;
				CLANG_WARN_CONSTANT_CONVERSION = YES;
				CLANG_WARN_DEPRECATED_OBJC_IMPLEMENTATIONS = YES;
				CLANG_WARN_DIRECT_OBJC_ISA_USAGE = YES_ERROR;
				CLANG_WARN_DOCUMENTATION_COMMENTS = YES;
				CLANG_WARN_EMPTY_BODY = YES;
				CLANG_WARN_ENUM_CONVERSION = YES;
				CLANG_WARN_INFINITE_RECURSION = YES;
				CLANG_WARN_INT_CONVERSION = YES;
				CLANG_WARN_NON_LITERAL_NULL_CONVERSION = YES;
				CLANG_WARN_OBJC_IMPLICIT_RETAIN_SELF = YES;
				CLANG_WARN_OBJC_LITERAL_CONVERSION = YES;
				CLANG_WARN_OBJC_ROOT_CLASS = YES_ERROR;
				CLANG_WARN_RANGE_LOOP_ANALYSIS = YES;
				CLANG_WARN_STRICT_PROTOTYPES = YES;
				CLANG_WARN_SUSPICIOUS_MOVE = YES;
				CLANG_WARN_UNGUARDED_AVAILABILITY = YES_AGGRESSIVE;
				CLANG_WARN_UNREACHABLE_CODE = YES;
				CLANG_WARN__DUPLICATE_METHOD_MATCH = YES;
				CODE_SIGN_IDENTITY = "iPhone Developer";
				COPY_PHASE_STRIP = NO;
				DEBUG_INFORMATION_FORMAT = dwarf;
				ENABLE_STRICT_OBJC_MSGSEND = YES;
				ENABLE_TESTABILITY = YES;
				GCC_C_LANGUAGE_STANDARD = gnu11;
				GCC_DYNAMIC_NO_PIC = NO;
				GCC_NO_COMMON_BLOCKS = YES;
				GCC_OPTIMIZATION_LEVEL = 0;
				GCC_PREPROCESSOR_DEFINITIONS = (
					"DEBUG=1",
					"$(inherited)",
				);
				GCC_WARN_64_TO_32_BIT_CONVERSION = YES;
				GCC_WARN_ABOUT_RETURN_TYPE = YES_ERROR;
				GCC_WARN_UNDECLARED_SELECTOR = YES;
				GCC_WARN_UNINITIALIZED_AUTOS = YES_AGGRESSIVE;
				GCC_WARN_UNUSED_FUNCTION = YES;
				GCC_WARN_UNUSED_VARIABLE = YES;
				IPHONEOS_DEPLOYMENT_TARGET = 9.0;
				MTL_ENABLE_DEBUG_INFO = INCLUDE_SOURCE;
				MTL_FAST_MATH = YES;
				ONLY_ACTIVE_ARCH = YES;
				SDKROOT = iphoneos;
				SWIFT_ACTIVE_COMPILATION_CONDITIONS = DEBUG;
				SWIFT_OPTIMIZATION_LEVEL = "-Onone";
			};
			name = Debug;
		};
		2990CC4721F55A1F0037A7B1 /* Release */ = {
			isa = XCBuildConfiguration;
			buildSettings = {
				ALWAYS_SEARCH_USER_PATHS = NO;
				CLANG_ANALYZER_NONNULL = YES;
				CLANG_ANALYZER_NUMBER_OBJECT_CONVERSION = YES_AGGRESSIVE;
				CLANG_CXX_LANGUAGE_STANDARD = "gnu++14";
				CLANG_CXX_LIBRARY = "libc++";
				CLANG_ENABLE_MODULES = YES;
				CLANG_ENABLE_OBJC_ARC = YES;
				CLANG_ENABLE_OBJC_WEAK = YES;
				CLANG_WARN_BLOCK_CAPTURE_AUTORELEASING = YES;
				CLANG_WARN_BOOL_CONVERSION = YES;
				CLANG_WARN_COMMA = YES;
				CLANG_WARN_CONSTANT_CONVERSION = YES;
				CLANG_WARN_DEPRECATED_OBJC_IMPLEMENTATIONS = YES;
				CLANG_WARN_DIRECT_OBJC_ISA_USAGE = YES_ERROR;
				CLANG_WARN_DOCUMENTATION_COMMENTS = YES;
				CLANG_WARN_EMPTY_BODY = YES;
				CLANG_WARN_ENUM_CONVERSION = YES;
				CLANG_WARN_INFINITE_RECURSION = YES;
				CLANG_WARN_INT_CONVERSION = YES;
				CLANG_WARN_NON_LITERAL_NULL_CONVERSION = YES;
				CLANG_WARN_OBJC_IMPLICIT_RETAIN_SELF = YES;
				CLANG_WARN_OBJC_LITERAL_CONVERSION = YES;
				CLANG_WARN_OBJC_ROOT_CLASS = YES_ERROR;
				CLANG_WARN_RANGE_LOOP_ANALYSIS = YES;
				CLANG_WARN_STRICT_PROTOTYPES = YES;
				CLANG_WARN_SUSPICIOUS_MOVE = YES;
				CLANG_WARN_UNGUARDED_AVAILABILITY = YES_AGGRESSIVE;
				CLANG_WARN_UNREACHABLE_CODE = YES;
				CLANG_WARN__DUPLICATE_METHOD_MATCH = YES;
				CODE_SIGN_IDENTITY = "iPhone Developer";
				COPY_PHASE_STRIP = NO;
				DEBUG_INFORMATION_FORMAT = "dwarf-with-dsym";
				ENABLE_NS_ASSERTIONS = NO;
				ENABLE_STRICT_OBJC_MSGSEND = YES;
				GCC_C_LANGUAGE_STANDARD = gnu11;
				GCC_NO_COMMON_BLOCKS = YES;
				GCC_WARN_64_TO_32_BIT_CONVERSION = YES;
				GCC_WARN_ABOUT_RETURN_TYPE = YES_ERROR;
				GCC_WARN_UNDECLARED_SELECTOR = YES;
				GCC_WARN_UNINITIALIZED_AUTOS = YES_AGGRESSIVE;
				GCC_WARN_UNUSED_FUNCTION = YES;
				GCC_WARN_UNUSED_VARIABLE = YES;
				IPHONEOS_DEPLOYMENT_TARGET = 9.0;
				MTL_ENABLE_DEBUG_INFO = NO;
				MTL_FAST_MATH = YES;
				SDKROOT = iphoneos;
				SWIFT_COMPILATION_MODE = wholemodule;
				SWIFT_OPTIMIZATION_LEVEL = "-O";
				VALIDATE_PRODUCT = YES;
			};
			name = Release;
		};
		2990CC4921F55A1F0037A7B1 /* Debug */ = {
			isa = XCBuildConfiguration;
			buildSettings = {
				ASSETCATALOG_COMPILER_APPICON_NAME = AppIcon;
				CLANG_ENABLE_MODULES = YES;
				CODE_SIGN_STYLE = Automatic;
				DEVELOPMENT_TEAM = 9JMCJCA8J2;
				INFOPLIST_FILE = pullToClose/Info.plist;
				IPHONEOS_DEPLOYMENT_TARGET = 9.0;
				LD_RUNPATH_SEARCH_PATHS = (
					"$(inherited)",
					"@executable_path/Frameworks",
				);
				PRODUCT_BUNDLE_IDENTIFIER = nest.pullToClose;
				PRODUCT_NAME = "$(TARGET_NAME)";
				SWIFT_OBJC_BRIDGING_HEADER = "pullToClose/pullToClose-Bridging-Header.h";
				SWIFT_OPTIMIZATION_LEVEL = "-Onone";
				SWIFT_VERSION = 4.0;
				TARGETED_DEVICE_FAMILY = "1,2";
			};
			name = Debug;
		};
		2990CC4A21F55A1F0037A7B1 /* Release */ = {
			isa = XCBuildConfiguration;
			buildSettings = {
				ASSETCATALOG_COMPILER_APPICON_NAME = AppIcon;
				CLANG_ENABLE_MODULES = YES;
				CODE_SIGN_STYLE = Automatic;
				DEVELOPMENT_TEAM = 9JMCJCA8J2;
				INFOPLIST_FILE = pullToClose/Info.plist;
				IPHONEOS_DEPLOYMENT_TARGET = 9.0;
				LD_RUNPATH_SEARCH_PATHS = (
					"$(inherited)",
					"@executable_path/Frameworks",
				);
				PRODUCT_BUNDLE_IDENTIFIER = nest.pullToClose;
				PRODUCT_NAME = "$(TARGET_NAME)";
				SWIFT_OBJC_BRIDGING_HEADER = "pullToClose/pullToClose-Bridging-Header.h";
				SWIFT_VERSION = 4.0;
				TARGETED_DEVICE_FAMILY = "1,2";
			};
			name = Release;
		};
/* End XCBuildConfiguration section */

/* Begin XCConfigurationList section */
		2990CC2621F55A1A0037A7B1 /* Build configuration list for PBXProject "pullToClose" */ = {
			isa = XCConfigurationList;
			buildConfigurations = (
				2990CC4621F55A1F0037A7B1 /* Debug */,
				2990CC4721F55A1F0037A7B1 /* Release */,
			);
			defaultConfigurationIsVisible = 0;
			defaultConfigurationName = Release;
		};
		2990CC4821F55A1F0037A7B1 /* Build configuration list for PBXNativeTarget "pullToClose" */ = {
			isa = XCConfigurationList;
			buildConfigurations = (
				2990CC4921F55A1F0037A7B1 /* Debug */,
				2990CC4A21F55A1F0037A7B1 /* Release */,
			);
			defaultConfigurationIsVisible = 0;
			defaultConfigurationName = Release;
		};
/* End XCConfigurationList section */
	};
	rootObject = 2990CC2321F55A1A0037A7B1 /* Project object */;
}
